
Microsoft Visual Studio Solution File, Format Version 12.00
# Visual Studio Version 17
VisualStudioVersion = 17.1.32414.318
MinimumVisualStudioVersion = 10.0.40219.1
Project("{FAE04EC0-301F-11D3-BF4B-00C04F79EFBC}") = "CshHW2", "CshHW2\CshHW2.csproj", "{335CC352-B6FA-47C4-A944-ABA6AF21115D}"
EndProject
Global
	GlobalSection(SolutionConfigurationPlatforms) = preSolution
		Debug|Any CPU = Debug|Any CPU
		Release|Any CPU = Release|Any CPU
	EndGlobalSection
	GlobalSection(ProjectConfigurationPlatforms) = postSolution
		{335CC352-B6FA-47C4-A944-ABA6AF21115D}.Debug|Any CPU.ActiveCfg = Debug|Any CPU
		{335CC352-B6FA-47C4-A944-ABA6AF21115D}.Debug|Any CPU.Build.0 = Debug|Any CPU
		{335CC352-B6FA-47C4-A944-ABA6AF21115D}.Release|Any CPU.ActiveCfg = Release|Any CPU
		{335CC352-B6FA-47C4-A944-ABA6AF21115D}.Release|Any CPU.Build.0 = Release|Any CPU
	EndGlobalSection
	GlobalSection(SolutionProperties) = preSolution
		HideSolutionNode = FALSE
	EndGlobalSection
	GlobalSection(ExtensibilityGlobals) = postSolution
		SolutionGuid = {A0213790-6C1E-4B85-8CE2-4840D04E419F}
	EndGlobalSection
EndGlobal
